
Microsoft Visual Studio Solution File, Format Version 12.00
# Visual Studio Version 17
VisualStudioVersion = 17.13.35825.156 d17.13
MinimumVisualStudioVersion = 10.0.40219.1
Project("{FAE04EC0-301F-11D3-BF4B-00C04F79EFBC}") = "ML.NET-Projekt", "ML.NET-Projekt\ML.NET-Projekt.csproj", "{EE90626E-C0F2-48A9-82A9-252951A20F63}"
EndProject
Global
	GlobalSection(SolutionConfigurationPlatforms) = preSolution
		Debug|Any CPU = Debug|Any CPU
		Release|Any CPU = Release|Any CPU
	EndGlobalSection
	GlobalSection(ProjectConfigurationPlatforms) = postSolution
		{EE90626E-C0F2-48A9-82A9-252951A20F63}.Debug|Any CPU.ActiveCfg = Debug|Any CPU
		{EE90626E-C0F2-48A9-82A9-252951A20F63}.Debug|Any CPU.Build.0 = Debug|Any CPU
		{EE90626E-C0F2-48A9-82A9-252951A20F63}.Release|Any CPU.ActiveCfg = Release|Any CPU
		{EE90626E-C0F2-48A9-82A9-252951A20F63}.Release|Any CPU.Build.0 = Release|Any CPU
	EndGlobalSection
	GlobalSection(SolutionProperties) = preSolution
		HideSolutionNode = FALSE
	EndGlobalSection
	GlobalSection(ExtensibilityGlobals) = postSolution
		SolutionGuid = {F7C7F2C5-AD6E-43A7-AE52-07101F0E04FB}
	EndGlobalSection
EndGlobal
